# THIS IS AN AUTOGENERATED FILE. DO NOT EDIT THIS FILE DIRECTLY.
# yarn lockfile v1


thelounge-theme-abyss@2.1.0:
  version "2.1.0"
  resolved "https://registry.yarnpkg.com/thelounge-theme-abyss/-/thelounge-theme-abyss-2.1.0.tgz#3f36c958b60bc4871d806407fafa638db2fcf49f"
  integrity sha512-fgEraJX5U/YkGWqtP3YJNV0p/ejQk/P3Dj11wff6H9i8+5CDfRXULl9Jp8KFyZPynk47mj5hwVqm3xj31XSjJg==

thelounge-theme-asciiarena@1.0.0:
  version "1.0.0"
  resolved "https://registry.yarnpkg.com/thelounge-theme-asciiarena/-/thelounge-theme-asciiarena-1.0.0.tgz#5ccbf8cde52911f12e3fc6a1afd7b24302ff7eb8"
  integrity sha512-949bQfH7yXsrf5AGkZgGTuUy0FWKhuTedaJWgKKNfw3kUsK+cZOQb75hem2Mv4yMzb01SxpRqzfDKy5w+CHnmw==

thelounge-theme-catppuccin-mocha@1.1.3:
  version "1.1.3"
  resolved "https://registry.yarnpkg.com/thelounge-theme-catppuccin-mocha/-/thelounge-theme-catppuccin-mocha-1.1.3.tgz#15ef804cb5ebea25b0d182a90a0b9e9d43d27b3d"
  integrity sha512-VxNIQuS3+HlD8F+/u28x3DIMOovtBoxpKb446D2NOQK4PESd1h1UMTw4hk9Av/hvLk7AmGNXrjR3cBrvOaFu3w==

thelounge-theme-ion@1.1.1:
  version "1.1.1"
  resolved "https://registry.yarnpkg.com/thelounge-theme-ion/-/thelounge-theme-ion-1.1.1.tgz#210b141531b3403caf6236c85443954e64152b71"
  integrity sha512-Nd4ZBc99aOI4AO2dyt2TvBuBMyaAUMIvcpJrEkOZ2Rf8rA0q3DtsnYgNo2TzbQDDK2HqkKDYUuzHITV5A6FytA==

thelounge-theme-solarized@1.1.9:
  version "1.1.9"
  resolved "https://registry.yarnpkg.com/thelounge-theme-solarized/-/thelounge-theme-solarized-1.1.9.tgz#1b588b53439c3368b2aac714a69af9bac0ce2517"
  integrity sha512-M4tIM5X0NeeE0bbOCuPAWQTC3m1WXcsXII8Kx3nIyGsOaN6WyVVQofWs8cNEPsNEJLMXJm32D3yLsCaGln2mMg==
